// !$*UTF8*$!
{
	archiveVersion = 1;
	classes = {
	};
	objectVersion = 56;
	objects = {

/* Begin PBXBuildFile section */
		5D01B76A296D853E00EA5203 /* TasksStarApp.swift in Sources */ = {isa = PBXBuildFile; fileRef = 5D01B769296D853E00EA5203 /* TasksStarApp.swift */; };
		5D01B76E296D853F00EA5203 /* Assets.xcassets in Resources */ = {isa = PBXBuildFile; fileRef = 5D01B76D296D853F00EA5203 /* Assets.xcassets */; };
		5D01B771296D853F00EA5203 /* Preview Assets.xcassets in Resources */ = {isa = PBXBuildFile; fileRef = 5D01B770296D853F00EA5203 /* Preview Assets.xcassets */; };
		5D01B785296F4FBD00EA5203 /* TasksModel.swift in Sources */ = {isa = PBXBuildFile; fileRef = 5D01B784296F4FBD00EA5203 /* TasksModel.swift */; };
		5D01B78B296F5AAB00EA5203 /* TasksViewModel.swift in Sources */ = {isa = PBXBuildFile; fileRef = 5D01B78A296F5AAB00EA5203 /* TasksViewModel.swift */; };
		5D01B78D296F6DBE00EA5203 /* Modifaiers.swift in Sources */ = {isa = PBXBuildFile; fileRef = 5D01B78C296F6DBE00EA5203 /* Modifaiers.swift */; };
		5DE6A5ED2971FE59001244A0 /* ColorsViewModel.swift in Sources */ = {isa = PBXBuildFile; fileRef = 5DE6A5EC2971FE59001244A0 /* ColorsViewModel.swift */; };
		5DE6A60329730DC5001244A0 /* Certfcate.swift in Sources */ = {isa = PBXBuildFile; fileRef = 5DE6A5FD29730DC5001244A0 /* Certfcate.swift */; };
		5DE6A60429730DC5001244A0 /* ImageView.swift in Sources */ = {isa = PBXBuildFile; fileRef = 5DE6A5FE29730DC5001244A0 /* ImageView.swift */; };
		5DE6A60529730DC5001244A0 /* AchivmentPageView.swift in Sources */ = {isa = PBXBuildFile; fileRef = 5DE6A5FF29730DC5001244A0 /* AchivmentPageView.swift */; };
		5DE6A60629730DC5001244A0 /* FirstPage.swift in Sources */ = {isa = PBXBuildFile; fileRef = 5DE6A60129730DC5001244A0 /* FirstPage.swift */; };
		5DE6A60729730DC5001244A0 /* EnterPage.swift in Sources */ = {isa = PBXBuildFile; fileRef = 5DE6A60229730DC5001244A0 /* EnterPage.swift */; };
		5DE6A60C29730FF5001244A0 /* ProgressBarView.swift in Sources */ = {isa = PBXBuildFile; fileRef = 5DE6A60929730FF5001244A0 /* ProgressBarView.swift */; };
		5DE6A60D29730FF5001244A0 /* TasksPageView.swift in Sources */ = {isa = PBXBuildFile; fileRef = 5DE6A60A29730FF5001244A0 /* TasksPageView.swift */; };
		5DE6A60E29730FF5001244A0 /* TasksCardsView.swift in Sources */ = {isa = PBXBuildFile; fileRef = 5DE6A60B29730FF5001244A0 /* TasksCardsView.swift */; };
		5DE6A61229731F07001244A0 /* B-de-bonita.ttf in Resources */ = {isa = PBXBuildFile; fileRef = 5DE6A61129731F07001244A0 /* B-de-bonita.ttf */; };
		5DE6A61429731FF9001244A0 /* BM-HANNA.ttf in Resources */ = {isa = PBXBuildFile; fileRef = 5DE6A61329731FF9001244A0 /* BM-HANNA.ttf */; };
		5DE6A61829732553001244A0 /* Localizable.strings in Resources */ = {isa = PBXBuildFile; fileRef = 5DE6A61A29732553001244A0 /* Localizable.strings */; };
/* End PBXBuildFile section */

/* Begin PBXFileReference section */
		5D01B766296D853E00EA5203 /* TasksStar.app */ = {isa = PBXFileReference; explicitFileType = wrapper.application; includeInIndex = 0; path = TasksStar.app; sourceTree = BUILT_PRODUCTS_DIR; };
		5D01B769296D853E00EA5203 /* TasksStarApp.swift */ = {isa = PBXFileReference; lastKnownFileType = sourcecode.swift; path = TasksStarApp.swift; sourceTree = "<group>"; };
		5D01B76D296D853F00EA5203 /* Assets.xcassets */ = {isa = PBXFileReference; lastKnownFileType = folder.assetcatalog; path = Assets.xcassets; sourceTree = "<group>"; };
		5D01B770296D853F00EA5203 /* Preview Assets.xcassets */ = {isa = PBXFileReference; lastKnownFileType = folder.assetcatalog; path = "Preview Assets.xcassets"; sourceTree = "<group>"; };
		5D01B784296F4FBD00EA5203 /* TasksModel.swift */ = {isa = PBXFileReference; lastKnownFileType = sourcecode.swift; path = TasksModel.swift; sourceTree = "<group>"; };
		5D01B78A296F5AAB00EA5203 /* TasksViewModel.swift */ = {isa = PBXFileReference; lastKnownFileType = sourcecode.swift; path = TasksViewModel.swift; sourceTree = "<group>"; };
		5D01B78C296F6DBE00EA5203 /* Modifaiers.swift */ = {isa = PBXFileReference; lastKnownFileType = sourcecode.swift; path = Modifaiers.swift; sourceTree = "<group>"; };
		5DE6A5EC2971FE59001244A0 /* ColorsViewModel.swift */ = {isa = PBXFileReference; lastKnownFileType = sourcecode.swift; path = ColorsViewModel.swift; sourceTree = "<group>"; };
		5DE6A5FD29730DC5001244A0 /* Certfcate.swift */ = {isa = PBXFileReference; fileEncoding = 4; lastKnownFileType = sourcecode.swift; path = Certfcate.swift; sourceTree = "<group>"; };
		5DE6A5FE29730DC5001244A0 /* ImageView.swift */ = {isa = PBXFileReference; fileEncoding = 4; lastKnownFileType = sourcecode.swift; path = ImageView.swift; sourceTree = "<group>"; };
		5DE6A5FF29730DC5001244A0 /* AchivmentPageView.swift */ = {isa = PBXFileReference; fileEncoding = 4; lastKnownFileType = sourcecode.swift; path = AchivmentPageView.swift; sourceTree = "<group>"; };
		5DE6A60129730DC5001244A0 /* FirstPage.swift */ = {isa = PBXFileReference; fileEncoding = 4; lastKnownFileType = sourcecode.swift; path = FirstPage.swift; sourceTree = "<group>"; };
		5DE6A60229730DC5001244A0 /* EnterPage.swift */ = {isa = PBXFileReference; fileEncoding = 4; lastKnownFileType = sourcecode.swift; path = EnterPage.swift; sourceTree = "<group>"; };
		5DE6A60929730FF5001244A0 /* ProgressBarView.swift */ = {isa = PBXFileReference; fileEncoding = 4; lastKnownFileType = sourcecode.swift; path = ProgressBarView.swift; sourceTree = "<group>"; };
		5DE6A60A29730FF5001244A0 /* TasksPageView.swift */ = {isa = PBXFileReference; fileEncoding = 4; lastKnownFileType = sourcecode.swift; path = TasksPageView.swift; sourceTree = "<group>"; };
		5DE6A60B29730FF5001244A0 /* TasksCardsView.swift */ = {isa = PBXFileReference; fileEncoding = 4; lastKnownFileType = sourcecode.swift; path = TasksCardsView.swift; sourceTree = "<group>"; };
		5DE6A61129731F07001244A0 /* B-de-bonita.ttf */ = {isa = PBXFileReference; lastKnownFileType = file; path = "B-de-bonita.ttf"; sourceTree = "<group>"; };
		5DE6A61329731FF9001244A0 /* BM-HANNA.ttf */ = {isa = PBXFileReference; lastKnownFileType = file; path = "BM-HANNA.ttf"; sourceTree = "<group>"; };
		5DE6A61929732553001244A0 /* ar */ = {isa = PBXFileReference; lastKnownFileType = text.plist.strings; name = ar; path = ar.lproj/Localizable.strings; sourceTree = "<group>"; };
		5DE6A61B29732555001244A0 /* en */ = {isa = PBXFileReference; lastKnownFileType = text.plist.strings; name = en; path = en.lproj/Localizable.strings; sourceTree = "<group>"; };
/* End PBXFileReference section */

/* Begin PBXFrameworksBuildPhase section */
		5D01B763296D853E00EA5203 /* Frameworks */ = {
			isa = PBXFrameworksBuildPhase;
			buildActionMask = 2147483647;
			files = (
			);
			runOnlyForDeploymentPostprocessing = 0;
		};
/* End PBXFrameworksBuildPhase section */

/* Begin PBXGroup section */
		5D01B75D296D853E00EA5203 = {
			isa = PBXGroup;
			children = (
				5DE6A61A29732553001244A0 /* Localizable.strings */,
				5D01B768296D853E00EA5203 /* TasksStar */,
				5D01B767296D853E00EA5203 /* Products */,
			);
			sourceTree = "<group>";
		};
		5D01B767296D853E00EA5203 /* Products */ = {
			isa = PBXGroup;
			children = (
				5D01B766296D853E00EA5203 /* TasksStar.app */,
			);
			name = Products;
			sourceTree = "<group>";
		};
		5D01B768296D853E00EA5203 /* TasksStar */ = {
			isa = PBXGroup;
			children = (
				5DE6A61029731EDC001244A0 /* fonts */,
				5DBC8B552970357900C15A0B /* Modifaiers */,
				5D01B783296F4EB900EA5203 /* Model */,
				5D01B788296F56C900EA5203 /* Views */,
				5D01B789296F5A3200EA5203 /* ViewModel */,
				5D01B76D296D853F00EA5203 /* Assets.xcassets */,
				5D01B76F296D853F00EA5203 /* Preview Content */,
			);
			path = TasksStar;
			sourceTree = "<group>";
		};
		5D01B76F296D853F00EA5203 /* Preview Content */ = {
			isa = PBXGroup;
			children = (
				5D01B770296D853F00EA5203 /* Preview Assets.xcassets */,
			);
			path = "Preview Content";
			sourceTree = "<group>";
		};
		5D01B783296F4EB900EA5203 /* Model */ = {
			isa = PBXGroup;
			children = (
				5D01B784296F4FBD00EA5203 /* TasksModel.swift */,
			);
			path = Model;
			sourceTree = "<group>";
		};
		5D01B788296F56C900EA5203 /* Views */ = {
			isa = PBXGroup;
			children = (
				5DE6A60029730DC5001244A0 /* HomePages */,
				5DE6A60829730FF5001244A0 /* TasksPage */,
				5DE6A5FC29730DC5001244A0 /* AchivmentsPage */,
				5D01B769296D853E00EA5203 /* TasksStarApp.swift */,
			);
			path = Views;
			sourceTree = "<group>";
		};
		5D01B789296F5A3200EA5203 /* ViewModel */ = {
			isa = PBXGroup;
			children = (
				5D01B78A296F5AAB00EA5203 /* TasksViewModel.swift */,
				5DE6A5EC2971FE59001244A0 /* ColorsViewModel.swift */,
			);
			path = ViewModel;
			sourceTree = "<group>";
		};
		5DBC8B552970357900C15A0B /* Modifaiers */ = {
			isa = PBXGroup;
			children = (
				5D01B78C296F6DBE00EA5203 /* Modifaiers.swift */,
			);
			path = Modifaiers;
			sourceTree = "<group>";
		};
		5DE6A5FC29730DC5001244A0 /* AchivmentsPage */ = {
			isa = PBXGroup;
			children = (
				5DE6A5FD29730DC5001244A0 /* Certfcate.swift */,
				5DE6A5FE29730DC5001244A0 /* ImageView.swift */,
				5DE6A5FF29730DC5001244A0 /* AchivmentPageView.swift */,
			);
			path = AchivmentsPage;
			sourceTree = "<group>";
		};
		5DE6A60029730DC5001244A0 /* HomePages */ = {
			isa = PBXGroup;
			children = (
				5DE6A60129730DC5001244A0 /* FirstPage.swift */,
				5DE6A60229730DC5001244A0 /* EnterPage.swift */,
			);
			path = HomePages;
			sourceTree = "<group>";
		};
		5DE6A60829730FF5001244A0 /* TasksPage */ = {
			isa = PBXGroup;
			children = (
				5DE6A60929730FF5001244A0 /* ProgressBarView.swift */,
				5DE6A60A29730FF5001244A0 /* TasksPageView.swift */,
				5DE6A60B29730FF5001244A0 /* TasksCardsView.swift */,
			);
			path = TasksPage;
			sourceTree = "<group>";
		};
		5DE6A61029731EDC001244A0 /* fonts */ = {
			isa = PBXGroup;
			children = (
				5DE6A61129731F07001244A0 /* B-de-bonita.ttf */,
				5DE6A61329731FF9001244A0 /* BM-HANNA.ttf */,
			);
			path = fonts;
			sourceTree = "<group>";
		};
/* End PBXGroup section */

/* Begin PBXNativeTarget section */
		5D01B765296D853E00EA5203 /* TasksStar */ = {
			isa = PBXNativeTarget;
			buildConfigurationList = 5D01B779296D853F00EA5203 /* Build configuration list for PBXNativeTarget "TasksStar" */;
			buildPhases = (
				5D01B762296D853E00EA5203 /* Sources */,
				5D01B763296D853E00EA5203 /* Frameworks */,
				5D01B764296D853E00EA5203 /* Resources */,
			);
			buildRules = (
			);
			dependencies = (
			);
			name = TasksStar;
			productName = TasksStar;
			productReference = 5D01B766296D853E00EA5203 /* TasksStar.app */;
			productType = "com.apple.product-type.application";
		};
/* End PBXNativeTarget section */

/* Begin PBXProject section */
		5D01B75E296D853E00EA5203 /* Project object */ = {
			isa = PBXProject;
			attributes = {
				BuildIndependentTargetsInParallel = 1;
				LastSwiftUpdateCheck = 1420;
				LastUpgradeCheck = 1420;
				TargetAttributes = {
					5D01B765296D853E00EA5203 = {
						CreatedOnToolsVersion = 14.2;
					};
				};
			};
			buildConfigurationList = 5D01B761296D853E00EA5203 /* Build configuration list for PBXProject "TasksStar" */;
			compatibilityVersion = "Xcode 14.0";
			developmentRegion = en;
			hasScannedForEncodings = 0;
			knownRegions = (
				en,
				Base,
				ar,
			);
			mainGroup = 5D01B75D296D853E00EA5203;
			productRefGroup = 5D01B767296D853E00EA5203 /* Products */;
			projectDirPath = "";
			projectRoot = "";
			targets = (
				5D01B765296D853E00EA5203 /* TasksStar */,
			);
		};
/* End PBXProject section */

/* Begin PBXResourcesBuildPhase section */
		5D01B764296D853E00EA5203 /* Resources */ = {
			isa = PBXResourcesBuildPhase;
			buildActionMask = 2147483647;
			files = (
				5DE6A61829732553001244A0 /* Localizable.strings in Resources */,
				5D01B771296D853F00EA5203 /* Preview Assets.xcassets in Resources */,
				5DE6A61229731F07001244A0 /* B-de-bonita.ttf in Resources */,
				5DE6A61429731FF9001244A0 /* BM-HANNA.ttf in Resources */,
				5D01B76E296D853F00EA5203 /* Assets.xcassets in Resources */,
			);
			runOnlyForDeploymentPostprocessing = 0;
		};
/* End PBXResourcesBuildPhase section */

/* Begin PBXSourcesBuildPhase section */
		5D01B762296D853E00EA5203 /* Sources */ = {
			isa = PBXSourcesBuildPhase;
			buildActionMask = 2147483647;
			files = (
				5DE6A60429730DC5001244A0 /* ImageView.swift in Sources */,
				5DE6A60729730DC5001244A0 /* EnterPage.swift in Sources */,
				5DE6A60529730DC5001244A0 /* AchivmentPageView.swift in Sources */,
				5D01B78B296F5AAB00EA5203 /* TasksViewModel.swift in Sources */,
				5DE6A60D29730FF5001244A0 /* TasksPageView.swift in Sources */,
				5D01B78D296F6DBE00EA5203 /* Modifaiers.swift in Sources */,
				5D01B785296F4FBD00EA5203 /* TasksModel.swift in Sources */,
				5D01B76A296D853E00EA5203 /* TasksStarApp.swift in Sources */,
				5DE6A5ED2971FE59001244A0 /* ColorsViewModel.swift in Sources */,
				5DE6A60329730DC5001244A0 /* Certfcate.swift in Sources */,
				5DE6A60E29730FF5001244A0 /* TasksCardsView.swift in Sources */,
				5DE6A60629730DC5001244A0 /* FirstPage.swift in Sources */,
				5DE6A60C29730FF5001244A0 /* ProgressBarView.swift in Sources */,
			);
			runOnlyForDeploymentPostprocessing = 0;
		};
/* End PBXSourcesBuildPhase section */

/* Begin PBXVariantGroup section */
		5DE6A61A29732553001244A0 /* Localizable.strings */ = {
			isa = PBXVariantGroup;
			children = (
				5DE6A61929732553001244A0 /* ar */,
				5DE6A61B29732555001244A0 /* en */,
			);
			name = Localizable.strings;
			sourceTree = "<group>";
		};
/* End PBXVariantGroup section */

/* Begin XCBuildConfiguration section */
		5D01B777296D853F00EA5203 /* Debug */ = {
			isa = XCBuildConfiguration;
			buildSettings = {
				ALWAYS_SEARCH_USER_PATHS = NO;
				CLANG_ANALYZER_NONNULL = YES;
				CLANG_ANALYZER_NUMBER_OBJECT_CONVERSION = YES_AGGRESSIVE;
				CLANG_CXX_LANGUAGE_STANDARD = "gnu++20";
				CLANG_ENABLE_MODULES = YES;
				CLANG_ENABLE_OBJC_ARC = YES;
				CLANG_ENABLE_OBJC_WEAK = YES;
				CLANG_WARN_BLOCK_CAPTURE_AUTORELEASING = YES;
				CLANG_WARN_BOOL_CONVERSION = YES;
				CLANG_WARN_COMMA = YES;
				CLANG_WARN_CONSTANT_CONVERSION = YES;
				CLANG_WARN_DEPRECATED_OBJC_IMPLEMENTATIONS = YES;
				CLANG_WARN_DIRECT_OBJC_ISA_USAGE = YES_ERROR;
				CLANG_WARN_DOCUMENTATION_COMMENTS = YES;
				CLANG_WARN_EMPTY_BODY = YES;
				CLANG_WARN_ENUM_CONVERSION = YES;
				CLANG_WARN_INFINITE_RECURSION = YES;
				CLANG_WARN_INT_CONVERSION = YES;
				CLANG_WARN_NON_LITERAL_NULL_CONVERSION = YES;
				CLANG_WARN_OBJC_IMPLICIT_RETAIN_SELF = YES;
				CLANG_WARN_OBJC_LITERAL_CONVERSION = YES;
				CLANG_WARN_OBJC_ROOT_CLASS = YES_ERROR;
				CLANG_WARN_QUOTED_INCLUDE_IN_FRAMEWORK_HEADER = YES;
				CLANG_WARN_RANGE_LOOP_ANALYSIS = YES;
				CLANG_WARN_STRICT_PROTOTYPES = YES;
				CLANG_WARN_SUSPICIOUS_MOVE = YES;
				CLANG_WARN_UNGUARDED_AVAILABILITY = YES_AGGRESSIVE;
				CLANG_WARN_UNREACHABLE_CODE = YES;
				CLANG_WARN__DUPLICATE_METHOD_MATCH = YES;
				COPY_PHASE_STRIP = NO;
				DEBUG_INFORMATION_FORMAT = dwarf;
				ENABLE_STRICT_OBJC_MSGSEND = YES;
				ENABLE_TESTABILITY = YES;
				GCC_C_LANGUAGE_STANDARD = gnu11;
				GCC_DYNAMIC_NO_PIC = NO;
				GCC_NO_COMMON_BLOCKS = YES;
				GCC_OPTIMIZATION_LEVEL = 0;
				GCC_PREPROCESSOR_DEFINITIONS = (
					"DEBUG=1",
					"$(inherited)",
				);
				GCC_WARN_64_TO_32_BIT_CONVERSION = YES;
				GCC_WARN_ABOUT_RETURN_TYPE = YES_ERROR;
				GCC_WARN_UNDECLARED_SELECTOR = YES;
				GCC_WARN_UNINITIALIZED_AUTOS = YES_AGGRESSIVE;
				GCC_WARN_UNUSED_FUNCTION = YES;
				GCC_WARN_UNUSED_VARIABLE = YES;
				IPHONEOS_DEPLOYMENT_TARGET = 16.2;
				MTL_ENABLE_DEBUG_INFO = INCLUDE_SOURCE;
				MTL_FAST_MATH = YES;
				ONLY_ACTIVE_ARCH = YES;
				SDKROOT = iphoneos;
				SWIFT_ACTIVE_COMPILATION_CONDITIONS = DEBUG;
				SWIFT_OPTIMIZATION_LEVEL = "-Onone";
			};
			name = Debug;
		};
		5D01B778296D853F00EA5203 /* Release */ = {
			isa = XCBuildConfiguration;
			buildSettings = {
				ALWAYS_SEARCH_USER_PATHS = NO;
				CLANG_ANALYZER_NONNULL = YES;
				CLANG_ANALYZER_NUMBER_OBJECT_CONVERSION = YES_AGGRESSIVE;
				CLANG_CXX_LANGUAGE_STANDARD = "gnu++20";
				CLANG_ENABLE_MODULES = YES;
				CLANG_ENABLE_OBJC_ARC = YES;
				CLANG_ENABLE_OBJC_WEAK = YES;
				CLANG_WARN_BLOCK_CAPTURE_AUTORELEASING = YES;
				CLANG_WARN_BOOL_CONVERSION = YES;
				CLANG_WARN_COMMA = YES;
				CLANG_WARN_CONSTANT_CONVERSION = YES;
				CLANG_WARN_DEPRECATED_OBJC_IMPLEMENTATIONS = YES;
				CLANG_WARN_DIRECT_OBJC_ISA_USAGE = YES_ERROR;
				CLANG_WARN_DOCUMENTATION_COMMENTS = YES;
				CLANG_WARN_EMPTY_BODY = YES;
				CLANG_WARN_ENUM_CONVERSION = YES;
				CLANG_WARN_INFINITE_RECURSION = YES;
				CLANG_WARN_INT_CONVERSION = YES;
				CLANG_WARN_NON_LITERAL_NULL_CONVERSION = YES;
				CLANG_WARN_OBJC_IMPLICIT_RETAIN_SELF = YES;
				CLANG_WARN_OBJC_LITERAL_CONVERSION = YES;
				CLANG_WARN_OBJC_ROOT_CLASS = YES_ERROR;
				CLANG_WARN_QUOTED_INCLUDE_IN_FRAMEWORK_HEADER = YES;
				CLANG_WARN_RANGE_LOOP_ANALYSIS = YES;
				CLANG_WARN_STRICT_PROTOTYPES = YES;
				CLANG_WARN_SUSPICIOUS_MOVE = YES;
				CLANG_WARN_UNGUARDED_AVAILABILITY = YES_AGGRESSIVE;
				CLANG_WARN_UNREACHABLE_CODE = YES;
				CLANG_WARN__DUPLICATE_METHOD_MATCH = YES;
				COPY_PHASE_STRIP = NO;
				DEBUG_INFORMATION_FORMAT = "dwarf-with-dsym";
				ENABLE_NS_ASSERTIONS = NO;
				ENABLE_STRICT_OBJC_MSGSEND = YES;
				GCC_C_LANGUAGE_STANDARD = gnu11;
				GCC_NO_COMMON_BLOCKS = YES;
				GCC_WARN_64_TO_32_BIT_CONVERSION = YES;
				GCC_WARN_ABOUT_RETURN_TYPE = YES_ERROR;
				GCC_WARN_UNDECLARED_SELECTOR = YES;
				GCC_WARN_UNINITIALIZED_AUTOS = YES_AGGRESSIVE;
				GCC_WARN_UNUSED_FUNCTION = YES;
				GCC_WARN_UNUSED_VARIABLE = YES;
				IPHONEOS_DEPLOYMENT_TARGET = 16.2;
				MTL_ENABLE_DEBUG_INFO = NO;
				MTL_FAST_MATH = YES;
				SDKROOT = iphoneos;
				SWIFT_COMPILATION_MODE = wholemodule;
				SWIFT_OPTIMIZATION_LEVEL = "-O";
				VALIDATE_PRODUCT = YES;
			};
			name = Release;
		};
		5D01B77A296D853F00EA5203 /* Debug */ = {
			isa = XCBuildConfiguration;
			buildSettings = {
				ASSETCATALOG_COMPILER_APPICON_NAME = AppIcon;
				ASSETCATALOG_COMPILER_GLOBAL_ACCENT_COLOR_NAME = AccentColor;
				CODE_SIGN_STYLE = Automatic;
				CURRENT_PROJECT_VERSION = 1;
				DEVELOPMENT_ASSET_PATHS = "\"TasksStar/Preview Content\"";
				DEVELOPMENT_TEAM = UQ5HPP32DR;
				ENABLE_PREVIEWS = YES;
				GENERATE_INFOPLIST_FILE = YES;
				INFOPLIST_FILE = TasksStar/Info.plist;
				INFOPLIST_KEY_UIApplicationSceneManifest_Generation = YES;
				INFOPLIST_KEY_UIApplicationSupportsIndirectInputEvents = YES;
				INFOPLIST_KEY_UILaunchScreen_Generation = YES;
				INFOPLIST_KEY_UISupportedInterfaceOrientations_iPad = "UIInterfaceOrientationPortrait UIInterfaceOrientationPortraitUpsideDown UIInterfaceOrientationLandscapeLeft UIInterfaceOrientationLandscapeRight";
				INFOPLIST_KEY_UISupportedInterfaceOrientations_iPhone = "UIInterfaceOrientationPortrait UIInterfaceOrientationLandscapeLeft UIInterfaceOrientationLandscapeRight";
				LD_RUNPATH_SEARCH_PATHS = (
					"$(inherited)",
					"@executable_path/Frameworks",
				);
				MARKETING_VERSION = 1.0;
				PRODUCT_BUNDLE_IDENTIFIER = Hoton.TasksStar;
				PRODUCT_NAME = "$(TARGET_NAME)";
				SUPPORTED_PLATFORMS = "iphoneos iphonesimulator";
				SUPPORTS_MACCATALYST = NO;
				SUPPORTS_MAC_DESIGNED_FOR_IPHONE_IPAD = NO;
				SWIFT_EMIT_LOC_STRINGS = YES;
				SWIFT_VERSION = 5.0;
				TARGETED_DEVICE_FAMILY = 2;
			};
			name = Debug;
		};
		5D01B77B296D853F00EA5203 /* Release */ = {
			isa = XCBuildConfiguration;
			buildSettings = {
				ASSETCATALOG_COMPILER_APPICON_NAME = AppIcon;
				ASSETCATALOG_COMPILER_GLOBAL_ACCENT_COLOR_NAME = AccentColor;
				CODE_SIGN_STYLE = Automatic;
				CURRENT_PROJECT_VERSION = 1;
				DEVELOPMENT_ASSET_PATHS = "\"TasksStar/Preview Content\"";
				DEVELOPMENT_TEAM = UQ5HPP32DR;
				ENABLE_PREVIEWS = YES;
				GENERATE_INFOPLIST_FILE = YES;
				INFOPLIST_FILE = TasksStar/Info.plist;
				INFOPLIST_KEY_UIApplicationSceneManifest_Generation = YES;
				INFOPLIST_KEY_UIApplicationSupportsIndirectInputEvents = YES;
				INFOPLIST_KEY_UILaunchScreen_Generation = YES;
				INFOPLIST_KEY_UISupportedInterfaceOrientations_iPad = "UIInterfaceOrientationPortrait UIInterfaceOrientationPortraitUpsideDown UIInterfaceOrientationLandscapeLeft UIInterfaceOrientationLandscapeRight";
				INFOPLIST_KEY_UISupportedInterfaceOrientations_iPhone = "UIInterfaceOrientationPortrait UIInterfaceOrientationLandscapeLeft UIInterfaceOrientationLandscapeRight";
				LD_RUNPATH_SEARCH_PATHS = (
					"$(inherited)",
					"@executable_path/Frameworks",
				);
				MARKETING_VERSION = 1.0;
				PRODUCT_BUNDLE_IDENTIFIER = Hoton.TasksStar;
				PRODUCT_NAME = "$(TARGET_NAME)";
				SUPPORTED_PLATFORMS = "iphoneos iphonesimulator";
				SUPPORTS_MACCATALYST = NO;
				SUPPORTS_MAC_DESIGNED_FOR_IPHONE_IPAD = NO;
				SWIFT_EMIT_LOC_STRINGS = YES;
				SWIFT_VERSION = 5.0;
				TARGETED_DEVICE_FAMILY = 2;
			};
			name = Release;
		};
/* End XCBuildConfiguration section */

/* Begin XCConfigurationList section */
		5D01B761296D853E00EA5203 /* Build configuration list for PBXProject "TasksStar" */ = {
			isa = XCConfigurationList;
			buildConfigurations = (
				5D01B777296D853F00EA5203 /* Debug */,
				5D01B778296D853F00EA5203 /* Release */,
			);
			defaultConfigurationIsVisible = 0;
			defaultConfigurationName = Release;
		};
		5D01B779296D853F00EA5203 /* Build configuration list for PBXNativeTarget "TasksStar" */ = {
			isa = XCConfigurationList;
			buildConfigurations = (
				5D01B77A296D853F00EA5203 /* Debug */,
				5D01B77B296D853F00EA5203 /* Release */,
			);
			defaultConfigurationIsVisible = 0;
			defaultConfigurationName = Release;
		};
/* End XCConfigurationList section */
	};
	rootObject = 5D01B75E296D853E00EA5203 /* Project object */;
}
